{
  "name": "BlogApp.WebUI",
  "version": "1.0.0",
  "lockfileVersion": 1,
  "requires": true,
  "dependencies": {
    "bootstrap": {
      "version": "4.1.0",
      "resolved": "https://registry.npmjs.org/bootstrap/-/bootstrap-4.1.0.tgz",
      "integrity": "sha512-kCo82nE8qYVfOa/Z3hL98CPgPIEkh6iPdiJrUJMQ9n9r0+6PEET7cmhLlV0XVYmEj5QtKIOaSGMLxy5jSFhKog=="
    },
    "ckeditor4": {
      "version": "4.16.0",
      "resolved": "https://registry.npmjs.org/ckeditor4/-/ckeditor4-4.16.0.tgz",
      "integrity": "sha512-ya5M1+MN53tdfDc2vY2JfV6KrFMyuJolhcTAKCv5S6YarwgMXOpj7zEO1rwVgEX4aaNJrBp6CjxPuiN2qzYs5g=="
    },
    "font-awesome": {
      "version": "4.7.0",
      "resolved": "https://registry.npmjs.org/font-awesome/-/font-awesome-4.7.0.tgz",
      "integrity": "sha1-j6jPBBGhoxr9B7BtKQK7n8gVoTM="
    }
  }
}
